
Microsoft Visual Studio Solution File, Format Version 12.00
# Visual Studio Version 16
VisualStudioVersion = 16.0.32126.315
MinimumVisualStudioVersion = 10.0.40219.1
Project("{FAE04EC0-301F-11D3-BF4B-00C04F79EFBC}") = "CGPart1", "CGPart1\CGPart1.csproj", "{11571F15-3723-458C-A940-2A1BEC2E167B}"
EndProject
Global
	GlobalSection(SolutionConfigurationPlatforms) = preSolution
		Debug|Any CPU = Debug|Any CPU
		Release|Any CPU = Release|Any CPU
	EndGlobalSection
	GlobalSection(ProjectConfigurationPlatforms) = postSolution
		{11571F15-3723-458C-A940-2A1BEC2E167B}.Debug|Any CPU.ActiveCfg = Debug|Any CPU
		{11571F15-3723-458C-A940-2A1BEC2E167B}.Debug|Any CPU.Build.0 = Debug|Any CPU
		{11571F15-3723-458C-A940-2A1BEC2E167B}.Release|Any CPU.ActiveCfg = Release|Any CPU
		{11571F15-3723-458C-A940-2A1BEC2E167B}.Release|Any CPU.Build.0 = Release|Any CPU
	EndGlobalSection
	GlobalSection(SolutionProperties) = preSolution
		HideSolutionNode = FALSE
	EndGlobalSection
	GlobalSection(ExtensibilityGlobals) = postSolution
		SolutionGuid = {184E0AAD-75BA-41E5-AAB8-2149B0B70FFB}
	EndGlobalSection
EndGlobal
